
Microsoft Visual Studio Solution File, Format Version 12.00
# Visual Studio Version 16
VisualStudioVersion = 16.0.31019.35
MinimumVisualStudioVersion = 10.0.40219.1
Project("{FAE04EC0-301F-11D3-BF4B-00C04F79EFBC}") = "Calculator Extended", "Calculator Extended.csproj", "{31694B79-C938-495E-8C9B-638B01E13BC6}"
EndProject
Global
	GlobalSection(SolutionConfigurationPlatforms) = preSolution
		Debug|Any CPU = Debug|Any CPU
		Release|Any CPU = Release|Any CPU
	EndGlobalSection
	GlobalSection(ProjectConfigurationPlatforms) = postSolution
		{31694B79-C938-495E-8C9B-638B01E13BC6}.Debug|Any CPU.ActiveCfg = Debug|Any CPU
		{31694B79-C938-495E-8C9B-638B01E13BC6}.Debug|Any CPU.Build.0 = Debug|Any CPU
		{31694B79-C938-495E-8C9B-638B01E13BC6}.Release|Any CPU.ActiveCfg = Release|Any CPU
		{31694B79-C938-495E-8C9B-638B01E13BC6}.Release|Any CPU.Build.0 = Release|Any CPU
	EndGlobalSection
	GlobalSection(SolutionProperties) = preSolution
		HideSolutionNode = FALSE
	EndGlobalSection
	GlobalSection(ExtensibilityGlobals) = postSolution
		SolutionGuid = {00310BE2-5C44-4E09-81D9-691B1375754C}
	EndGlobalSection
EndGlobal
